
Microsoft Visual Studio Solution File, Format Version 12.00
# Visual Studio Version 17
VisualStudioVersion = 17.7.34009.444
MinimumVisualStudioVersion = 10.0.40219.1
Project("{9A19103F-16F7-4668-BE54-9A1E7A4F7556}") = "machine_learnintg", "machine_learnintg.csproj", "{06273B6A-B7E2-4B71-8651-45022A00CCE6}"
EndProject
Project("{2150E333-8FDC-42A3-9474-1A3956D46DE8}") = "Solution Items", "Solution Items", "{53F6E24D-6484-4FDD-BD20-43D369F75396}"
	ProjectSection(SolutionItems) = preProject
		DataInterpretation.cs = DataInterpretation.cs
		Evaluation.cs = Evaluation.cs
	EndProjectSection
EndProject
Global
	GlobalSection(SolutionConfigurationPlatforms) = preSolution
		Debug|Any CPU = Debug|Any CPU
		Release|Any CPU = Release|Any CPU
	EndGlobalSection
	GlobalSection(ProjectConfigurationPlatforms) = postSolution
		{06273B6A-B7E2-4B71-8651-45022A00CCE6}.Debug|Any CPU.ActiveCfg = Debug|Any CPU
		{06273B6A-B7E2-4B71-8651-45022A00CCE6}.Debug|Any CPU.Build.0 = Debug|Any CPU
		{06273B6A-B7E2-4B71-8651-45022A00CCE6}.Release|Any CPU.ActiveCfg = Release|Any CPU
		{06273B6A-B7E2-4B71-8651-45022A00CCE6}.Release|Any CPU.Build.0 = Release|Any CPU
	EndGlobalSection
	GlobalSection(SolutionProperties) = preSolution
		HideSolutionNode = FALSE
	EndGlobalSection
	GlobalSection(ExtensibilityGlobals) = postSolution
		SolutionGuid = {53E93337-AEFD-4623-8B90-8FD7F51132C3}
	EndGlobalSection
EndGlobal
